
Microsoft Visual Studio Solution File, Format Version 12.00
# Visual Studio Version 16
VisualStudioVersion = 16.0.30804.86
MinimumVisualStudioVersion = 10.0.40219.1
Project("{FAE04EC0-301F-11D3-BF4B-00C04F79EFBC}") = "Battery SaverV4.7.5", "Battery SaverV4.7.5\Battery SaverV4.7.5.csproj", "{9027427D-F3F8-4D37-A982-D3343D88D8D6}"
EndProject
Global
	GlobalSection(SolutionConfigurationPlatforms) = preSolution
		Debug|Any CPU = Debug|Any CPU
		Release|Any CPU = Release|Any CPU
	EndGlobalSection
	GlobalSection(ProjectConfigurationPlatforms) = postSolution
		{9027427D-F3F8-4D37-A982-D3343D88D8D6}.Debug|Any CPU.ActiveCfg = Debug|Any CPU
		{9027427D-F3F8-4D37-A982-D3343D88D8D6}.Debug|Any CPU.Build.0 = Debug|Any CPU
		{9027427D-F3F8-4D37-A982-D3343D88D8D6}.Release|Any CPU.ActiveCfg = Release|Any CPU
		{9027427D-F3F8-4D37-A982-D3343D88D8D6}.Release|Any CPU.Build.0 = Release|Any CPU
	EndGlobalSection
	GlobalSection(SolutionProperties) = preSolution
		HideSolutionNode = FALSE
	EndGlobalSection
	GlobalSection(ExtensibilityGlobals) = postSolution
		SolutionGuid = {370C2D8F-E63F-460A-8645-88AE0914D93B}
	EndGlobalSection
EndGlobal
